
Microsoft Visual Studio Solution File, Format Version 12.00
# Visual Studio 15
VisualStudioVersion = 15.0.27130.2027
MinimumVisualStudioVersion = 10.0.40219.1
Project("{FAE04EC0-301F-11D3-BF4B-00C04F79EFBC}") = "tp(moto)", "tp(moto)\tp(moto).csproj", "{F5B4CF73-46B1-45B6-86DC-B2FBA04D5D86}"
EndProject
Global
	GlobalSection(SolutionConfigurationPlatforms) = preSolution
		Debug|Any CPU = Debug|Any CPU
		Release|Any CPU = Release|Any CPU
	EndGlobalSection
	GlobalSection(ProjectConfigurationPlatforms) = postSolution
		{F5B4CF73-46B1-45B6-86DC-B2FBA04D5D86}.Debug|Any CPU.ActiveCfg = Debug|Any CPU
		{F5B4CF73-46B1-45B6-86DC-B2FBA04D5D86}.Debug|Any CPU.Build.0 = Debug|Any CPU
		{F5B4CF73-46B1-45B6-86DC-B2FBA04D5D86}.Release|Any CPU.ActiveCfg = Release|Any CPU
		{F5B4CF73-46B1-45B6-86DC-B2FBA04D5D86}.Release|Any CPU.Build.0 = Release|Any CPU
	EndGlobalSection
	GlobalSection(SolutionProperties) = preSolution
		HideSolutionNode = FALSE
	EndGlobalSection
	GlobalSection(ExtensibilityGlobals) = postSolution
		SolutionGuid = {F0CD8B58-D64F-44BA-98E0-C3BDEAD571A9}
	EndGlobalSection
EndGlobal
